
Microsoft Visual Studio Solution File, Format Version 12.00
Project("{FAE04EC0-301F-11D3-BF4B-00C04F79EFBC}") = "GinasioVitaFit.WebClient", "GinasioVitaFit.WebClient\GinasioVitaFit.WebClient.csproj", "{A7FB8892-206D-40C4-9713-F1B69EFD62E8}"
EndProject
Project("{FAE04EC0-301F-11D3-BF4B-00C04F79EFBC}") = "GinasioVitaFit.Shared", "GinasioVitaFit.Shared\GinasioVitaFit.Shared.csproj", "{0C192F1E-E013-47A9-9267-9B99F7C7DE5C}"
EndProject
Project("{FAE04EC0-301F-11D3-BF4B-00C04F79EFBC}") = "GinasioVitaFit.UiComponents", "GinasioVitaFit.UiComponents\GinasioVitaFit.UiComponents.csproj", "{E8ADED0C-9A04-4221-8535-2333C2B8B5CD}"
EndProject
Global
	GlobalSection(SolutionConfigurationPlatforms) = preSolution
		Debug|Any CPU = Debug|Any CPU
		Release|Any CPU = Release|Any CPU
	EndGlobalSection
	GlobalSection(ProjectConfigurationPlatforms) = postSolution
		{A7FB8892-206D-40C4-9713-F1B69EFD62E8}.Debug|Any CPU.ActiveCfg = Debug|Any CPU
		{A7FB8892-206D-40C4-9713-F1B69EFD62E8}.Debug|Any CPU.Build.0 = Debug|Any CPU
		{A7FB8892-206D-40C4-9713-F1B69EFD62E8}.Release|Any CPU.ActiveCfg = Release|Any CPU
		{A7FB8892-206D-40C4-9713-F1B69EFD62E8}.Release|Any CPU.Build.0 = Release|Any CPU
		{0C192F1E-E013-47A9-9267-9B99F7C7DE5C}.Debug|Any CPU.ActiveCfg = Debug|Any CPU
		{0C192F1E-E013-47A9-9267-9B99F7C7DE5C}.Debug|Any CPU.Build.0 = Debug|Any CPU
		{0C192F1E-E013-47A9-9267-9B99F7C7DE5C}.Release|Any CPU.ActiveCfg = Release|Any CPU
		{0C192F1E-E013-47A9-9267-9B99F7C7DE5C}.Release|Any CPU.Build.0 = Release|Any CPU
		{E8ADED0C-9A04-4221-8535-2333C2B8B5CD}.Debug|Any CPU.ActiveCfg = Debug|Any CPU
		{E8ADED0C-9A04-4221-8535-2333C2B8B5CD}.Debug|Any CPU.Build.0 = Debug|Any CPU
		{E8ADED0C-9A04-4221-8535-2333C2B8B5CD}.Release|Any CPU.ActiveCfg = Release|Any CPU
		{E8ADED0C-9A04-4221-8535-2333C2B8B5CD}.Release|Any CPU.Build.0 = Release|Any CPU
	EndGlobalSection
EndGlobal
